
Microsoft Visual Studio Solution File, Format Version 12.00
# Visual Studio Version 17
VisualStudioVersion = 17.14.36915.13 d17.14
MinimumVisualStudioVersion = 10.0.40219.1
Project("{FAE04EC0-301F-11D3-BF4B-00C04F79EFBC}") = "RehearsalHub", "RehearsalHub.csproj", "{5BE23951-A51B-F1E5-1EA2-F873BC83EFE5}"
EndProject
Project("{FAE04EC0-301F-11D3-BF4B-00C04F79EFBC}") = "RehearsalHub.Data", "..\RehearsalHub.Data\RehearsalHub.Data.csproj", "{30620E2A-284E-6A41-17C4-593523196E3D}"
EndProject
Project("{FAE04EC0-301F-11D3-BF4B-00C04F79EFBC}") = "RehearsalHub.Data.Models", "..\RehearsalHub.Data.Models\RehearsalHub.Data.Models.csproj", "{A9873AB9-160B-79AB-AC08-17FABCA036B9}"
EndProject
Project("{FAE04EC0-301F-11D3-BF4B-00C04F79EFBC}") = "RehearsalHub.GCommon", "..\RehearsalHub.GCommon\RehearsalHub.GCommon.csproj", "{982A4F59-1A0E-889A-C44A-F3FAC98B5674}"
EndProject
Project("{FAE04EC0-301F-11D3-BF4B-00C04F79EFBC}") = "RehearsalHub.Services.Data", "..\RehearsalHub.Services.Data\RehearsalHub.Services.Data.csproj", "{D59E11A2-3D1F-E905-3C08-DDC15A4CC501}"
EndProject
Project("{FAE04EC0-301F-11D3-BF4B-00C04F79EFBC}") = "RehearsalHub.Web.ViewModels", "..\RehearsalHub.Web.ViewModels\RehearsalHub.Web.ViewModels.csproj", "{832743BB-DE5B-3A3F-B563-93B81D62A6F3}"
EndProject
Global
	GlobalSection(SolutionConfigurationPlatforms) = preSolution
		Debug|Any CPU = Debug|Any CPU
		Release|Any CPU = Release|Any CPU
	EndGlobalSection
	GlobalSection(ProjectConfigurationPlatforms) = postSolution
		{5BE23951-A51B-F1E5-1EA2-F873BC83EFE5}.Debug|Any CPU.ActiveCfg = Debug|Any CPU
		{5BE23951-A51B-F1E5-1EA2-F873BC83EFE5}.Debug|Any CPU.Build.0 = Debug|Any CPU
		{5BE23951-A51B-F1E5-1EA2-F873BC83EFE5}.Release|Any CPU.ActiveCfg = Release|Any CPU
		{5BE23951-A51B-F1E5-1EA2-F873BC83EFE5}.Release|Any CPU.Build.0 = Release|Any CPU
		{30620E2A-284E-6A41-17C4-593523196E3D}.Debug|Any CPU.ActiveCfg = Debug|Any CPU
		{30620E2A-284E-6A41-17C4-593523196E3D}.Debug|Any CPU.Build.0 = Debug|Any CPU
		{30620E2A-284E-6A41-17C4-593523196E3D}.Release|Any CPU.ActiveCfg = Release|Any CPU
		{30620E2A-284E-6A41-17C4-593523196E3D}.Release|Any CPU.Build.0 = Release|Any CPU
		{A9873AB9-160B-79AB-AC08-17FABCA036B9}.Debug|Any CPU.ActiveCfg = Debug|Any CPU
		{A9873AB9-160B-79AB-AC08-17FABCA036B9}.Debug|Any CPU.Build.0 = Debug|Any CPU
		{A9873AB9-160B-79AB-AC08-17FABCA036B9}.Release|Any CPU.ActiveCfg = Release|Any CPU
		{A9873AB9-160B-79AB-AC08-17FABCA036B9}.Release|Any CPU.Build.0 = Release|Any CPU
		{982A4F59-1A0E-889A-C44A-F3FAC98B5674}.Debug|Any CPU.ActiveCfg = Debug|Any CPU
		{982A4F59-1A0E-889A-C44A-F3FAC98B5674}.Debug|Any CPU.Build.0 = Debug|Any CPU
		{982A4F59-1A0E-889A-C44A-F3FAC98B5674}.Release|Any CPU.ActiveCfg = Release|Any CPU
		{982A4F59-1A0E-889A-C44A-F3FAC98B5674}.Release|Any CPU.Build.0 = Release|Any CPU
		{D59E11A2-3D1F-E905-3C08-DDC15A4CC501}.Debug|Any CPU.ActiveCfg = Debug|Any CPU
		{D59E11A2-3D1F-E905-3C08-DDC15A4CC501}.Debug|Any CPU.Build.0 = Debug|Any CPU
		{D59E11A2-3D1F-E905-3C08-DDC15A4CC501}.Release|Any CPU.ActiveCfg = Release|Any CPU
		{D59E11A2-3D1F-E905-3C08-DDC15A4CC501}.Release|Any CPU.Build.0 = Release|Any CPU
		{832743BB-DE5B-3A3F-B563-93B81D62A6F3}.Debug|Any CPU.ActiveCfg = Debug|Any CPU
		{832743BB-DE5B-3A3F-B563-93B81D62A6F3}.Debug|Any CPU.Build.0 = Debug|Any CPU
		{832743BB-DE5B-3A3F-B563-93B81D62A6F3}.Release|Any CPU.ActiveCfg = Release|Any CPU
		{832743BB-DE5B-3A3F-B563-93B81D62A6F3}.Release|Any CPU.Build.0 = Release|Any CPU
	EndGlobalSection
	GlobalSection(SolutionProperties) = preSolution
		HideSolutionNode = FALSE
	EndGlobalSection
	GlobalSection(ExtensibilityGlobals) = postSolution
		SolutionGuid = {9E5527CC-22A9-4E83-AFD6-A3AAEDFFD39F}
	EndGlobalSection
EndGlobal
